
Microsoft Visual Studio Solution File, Format Version 12.00
# Visual Studio 15
VisualStudioVersion = 15.0.28307.329
MinimumVisualStudioVersion = 10.0.40219.1
Project("{FAE04EC0-301F-11D3-BF4B-00C04F79EFBC}") = "work_scheduler", "work_scheduler.csproj", "{42A4BB95-9317-4D5C-BEBE-1DCB85FB2928}"
EndProject
Global
	GlobalSection(SolutionConfigurationPlatforms) = preSolution
		Debug|Any CPU = Debug|Any CPU
		Release|Any CPU = Release|Any CPU
	EndGlobalSection
	GlobalSection(ProjectConfigurationPlatforms) = postSolution
		{42A4BB95-9317-4D5C-BEBE-1DCB85FB2928}.Debug|Any CPU.ActiveCfg = Debug|Any CPU
		{42A4BB95-9317-4D5C-BEBE-1DCB85FB2928}.Debug|Any CPU.Build.0 = Debug|Any CPU
		{42A4BB95-9317-4D5C-BEBE-1DCB85FB2928}.Release|Any CPU.ActiveCfg = Release|Any CPU
		{42A4BB95-9317-4D5C-BEBE-1DCB85FB2928}.Release|Any CPU.Build.0 = Release|Any CPU
	EndGlobalSection
	GlobalSection(SolutionProperties) = preSolution
		HideSolutionNode = FALSE
	EndGlobalSection
	GlobalSection(ExtensibilityGlobals) = postSolution
		SolutionGuid = {52F10029-38CE-425F-A68E-3492D051EDB2}
	EndGlobalSection
EndGlobal
