
Microsoft Visual Studio Solution File, Format Version 12.00
# Visual Studio 15
VisualStudioVersion = 15.0.28307.329
MinimumVisualStudioVersion = 10.0.40219.1
Project("{FAE04EC0-301F-11D3-BF4B-00C04F79EFBC}") = "Set", "Set\Set.csproj", "{015B2EE3-5FCF-4478-8DF0-92565BE21F64}"
EndProject
Global
	GlobalSection(SolutionConfigurationPlatforms) = preSolution
		Debug|Any CPU = Debug|Any CPU
		Release|Any CPU = Release|Any CPU
	EndGlobalSection
	GlobalSection(ProjectConfigurationPlatforms) = postSolution
		{015B2EE3-5FCF-4478-8DF0-92565BE21F64}.Debug|Any CPU.ActiveCfg = Debug|Any CPU
		{015B2EE3-5FCF-4478-8DF0-92565BE21F64}.Debug|Any CPU.Build.0 = Debug|Any CPU
		{015B2EE3-5FCF-4478-8DF0-92565BE21F64}.Release|Any CPU.ActiveCfg = Release|Any CPU
		{015B2EE3-5FCF-4478-8DF0-92565BE21F64}.Release|Any CPU.Build.0 = Release|Any CPU
	EndGlobalSection
	GlobalSection(SolutionProperties) = preSolution
		HideSolutionNode = FALSE
	EndGlobalSection
	GlobalSection(ExtensibilityGlobals) = postSolution
		SolutionGuid = {79E50FB3-754E-4159-BF4D-F3DBBB369AC8}
	EndGlobalSection
EndGlobal
